
Microsoft Visual Studio Solution File, Format Version 12.00
# Visual Studio Version 17
VisualStudioVersion = 17.5.002.0
MinimumVisualStudioVersion = 10.0.40219.1
Project("{9A19103F-16F7-4668-BE54-9A1E7A4F7556}") = "check_nam_nhuan", "check_nam_nhuan.csproj", "{930C31D4-8A0A-48D4-8DBD-7F75B3A34230}"
EndProject
Global
	GlobalSection(SolutionConfigurationPlatforms) = preSolution
		Debug|Any CPU = Debug|Any CPU
		Release|Any CPU = Release|Any CPU
	EndGlobalSection
	GlobalSection(ProjectConfigurationPlatforms) = postSolution
		{930C31D4-8A0A-48D4-8DBD-7F75B3A34230}.Debug|Any CPU.ActiveCfg = Debug|Any CPU
		{930C31D4-8A0A-48D4-8DBD-7F75B3A34230}.Debug|Any CPU.Build.0 = Debug|Any CPU
		{930C31D4-8A0A-48D4-8DBD-7F75B3A34230}.Release|Any CPU.ActiveCfg = Release|Any CPU
		{930C31D4-8A0A-48D4-8DBD-7F75B3A34230}.Release|Any CPU.Build.0 = Release|Any CPU
	EndGlobalSection
	GlobalSection(SolutionProperties) = preSolution
		HideSolutionNode = FALSE
	EndGlobalSection
	GlobalSection(ExtensibilityGlobals) = postSolution
		SolutionGuid = {AC1B223B-FF94-4F8D-8DE3-3867D5DBF124}
	EndGlobalSection
EndGlobal
